
Microsoft Visual Studio Solution File, Format Version 12.00
# Visual Studio 2013
VisualStudioVersion = 12.0.21005.1
MinimumVisualStudioVersion = 10.0.40219.1
Project("{2150E333-8FDC-42A3-9474-1A3956D46DE8}") = "UI", "UI", "{5B491F99-4847-402E-B52F-350B559F7EA0}"
EndProject
Project("{FAE04EC0-301F-11D3-BF4B-00C04F79EFBC}") = "FM005-FrmImportLocatorAndTagRelation", "FM008-FrmImportLocatorAndTagRelation\FM005-FrmImportLocatorAndTagRelation.csproj", "{B0BB1120-DD3A-4290-8503-34D71B97B810}"
EndProject
Project("{FAE04EC0-301F-11D3-BF4B-00C04F79EFBC}") = "FM003-FrmSelfCheck", "FM005-FrmSelfCheck\FM003-FrmSelfCheck.csproj", "{2D7E356A-5FF5-4B01-8480-4A35DD9B8EBD}"
EndProject
Project("{FAE04EC0-301F-11D3-BF4B-00C04F79EFBC}") = "FM004-WinUI", "WinFrmUI\FM004-WinUI.csproj", "{1615135A-AEC6-4D16-8860-2A8BA6412392}"
EndProject
Project("{FAE04EC0-301F-11D3-BF4B-00C04F79EFBC}") = "FM008-FrmDPS", "FM002-FrmDPS\FM008-FrmDPS.csproj", "{FC18D348-FFCB-4E6F-9A26-BAEBE67EDA5E}"
EndProject
Project("{FAE04EC0-301F-11D3-BF4B-00C04F79EFBC}") = "FM007-FrmImportDPSList", "FM009-FrmImportDPSList\FM007-FrmImportDPSList.csproj", "{28E4891E-8130-4C72-ACF3-3E1240035A85}"
EndProject
Project("{FAE04EC0-301F-11D3-BF4B-00C04F79EFBC}") = "FM010-FrmSetDPS", "FM010-FrmSetDPS\FM010-FrmSetDPS.csproj", "{DFC2C411-1550-4236-B4AC-5B41EDB070E2}"
EndProject
Global
	GlobalSection(SolutionConfigurationPlatforms) = preSolution
		Debug|Any CPU = Debug|Any CPU
		Debug|x64 = Debug|x64
		Debug|x86 = Debug|x86
		Release|Any CPU = Release|Any CPU
		Release|x64 = Release|x64
		Release|x86 = Release|x86
	EndGlobalSection
	GlobalSection(ProjectConfigurationPlatforms) = postSolution
		{B0BB1120-DD3A-4290-8503-34D71B97B810}.Debug|Any CPU.ActiveCfg = Debug|Any CPU
		{B0BB1120-DD3A-4290-8503-34D71B97B810}.Debug|Any CPU.Build.0 = Debug|Any CPU
		{B0BB1120-DD3A-4290-8503-34D71B97B810}.Debug|x64.ActiveCfg = Debug|Any CPU
		{B0BB1120-DD3A-4290-8503-34D71B97B810}.Debug|x86.ActiveCfg = Debug|x86
		{B0BB1120-DD3A-4290-8503-34D71B97B810}.Debug|x86.Build.0 = Debug|x86
		{B0BB1120-DD3A-4290-8503-34D71B97B810}.Release|Any CPU.ActiveCfg = Release|Any CPU
		{B0BB1120-DD3A-4290-8503-34D71B97B810}.Release|Any CPU.Build.0 = Release|Any CPU
		{B0BB1120-DD3A-4290-8503-34D71B97B810}.Release|x64.ActiveCfg = Release|Any CPU
		{B0BB1120-DD3A-4290-8503-34D71B97B810}.Release|x86.ActiveCfg = Release|Any CPU
		{B0BB1120-DD3A-4290-8503-34D71B97B810}.Release|x86.Build.0 = Release|Any CPU
		{2D7E356A-5FF5-4B01-8480-4A35DD9B8EBD}.Debug|Any CPU.ActiveCfg = Debug|Any CPU
		{2D7E356A-5FF5-4B01-8480-4A35DD9B8EBD}.Debug|Any CPU.Build.0 = Debug|Any CPU
		{2D7E356A-5FF5-4B01-8480-4A35DD9B8EBD}.Debug|x64.ActiveCfg = Debug|x86
		{2D7E356A-5FF5-4B01-8480-4A35DD9B8EBD}.Debug|x86.ActiveCfg = Debug|x86
		{2D7E356A-5FF5-4B01-8480-4A35DD9B8EBD}.Debug|x86.Build.0 = Debug|x86
		{2D7E356A-5FF5-4B01-8480-4A35DD9B8EBD}.Release|Any CPU.ActiveCfg = Release|Any CPU
		{2D7E356A-5FF5-4B01-8480-4A35DD9B8EBD}.Release|Any CPU.Build.0 = Release|Any CPU
		{2D7E356A-5FF5-4B01-8480-4A35DD9B8EBD}.Release|x64.ActiveCfg = Release|x86
		{2D7E356A-5FF5-4B01-8480-4A35DD9B8EBD}.Release|x86.ActiveCfg = Release|x86
		{2D7E356A-5FF5-4B01-8480-4A35DD9B8EBD}.Release|x86.Build.0 = Release|x86
		{1615135A-AEC6-4D16-8860-2A8BA6412392}.Debug|Any CPU.ActiveCfg = Debug|Any CPU
		{1615135A-AEC6-4D16-8860-2A8BA6412392}.Debug|Any CPU.Build.0 = Debug|Any CPU
		{1615135A-AEC6-4D16-8860-2A8BA6412392}.Debug|x64.ActiveCfg = Debug|x86
		{1615135A-AEC6-4D16-8860-2A8BA6412392}.Debug|x86.ActiveCfg = Debug|x86
		{1615135A-AEC6-4D16-8860-2A8BA6412392}.Debug|x86.Build.0 = Debug|x86
		{1615135A-AEC6-4D16-8860-2A8BA6412392}.Release|Any CPU.ActiveCfg = Release|Any CPU
		{1615135A-AEC6-4D16-8860-2A8BA6412392}.Release|Any CPU.Build.0 = Release|Any CPU
		{1615135A-AEC6-4D16-8860-2A8BA6412392}.Release|x64.ActiveCfg = Release|x86
		{1615135A-AEC6-4D16-8860-2A8BA6412392}.Release|x86.ActiveCfg = Release|x86
		{1615135A-AEC6-4D16-8860-2A8BA6412392}.Release|x86.Build.0 = Release|x86
		{FC18D348-FFCB-4E6F-9A26-BAEBE67EDA5E}.Debug|Any CPU.ActiveCfg = Debug|Any CPU
		{FC18D348-FFCB-4E6F-9A26-BAEBE67EDA5E}.Debug|Any CPU.Build.0 = Debug|Any CPU
		{FC18D348-FFCB-4E6F-9A26-BAEBE67EDA5E}.Debug|x64.ActiveCfg = Debug|x86
		{FC18D348-FFCB-4E6F-9A26-BAEBE67EDA5E}.Debug|x86.ActiveCfg = Debug|x86
		{FC18D348-FFCB-4E6F-9A26-BAEBE67EDA5E}.Debug|x86.Build.0 = Debug|x86
		{FC18D348-FFCB-4E6F-9A26-BAEBE67EDA5E}.Release|Any CPU.ActiveCfg = Release|Any CPU
		{FC18D348-FFCB-4E6F-9A26-BAEBE67EDA5E}.Release|Any CPU.Build.0 = Release|Any CPU
		{FC18D348-FFCB-4E6F-9A26-BAEBE67EDA5E}.Release|x64.ActiveCfg = Release|x86
		{FC18D348-FFCB-4E6F-9A26-BAEBE67EDA5E}.Release|x86.ActiveCfg = Release|x86
		{FC18D348-FFCB-4E6F-9A26-BAEBE67EDA5E}.Release|x86.Build.0 = Release|x86
		{28E4891E-8130-4C72-ACF3-3E1240035A85}.Debug|Any CPU.ActiveCfg = Debug|Any CPU
		{28E4891E-8130-4C72-ACF3-3E1240035A85}.Debug|Any CPU.Build.0 = Debug|Any CPU
		{28E4891E-8130-4C72-ACF3-3E1240035A85}.Debug|x64.ActiveCfg = Debug|x86
		{28E4891E-8130-4C72-ACF3-3E1240035A85}.Debug|x86.ActiveCfg = Debug|x86
		{28E4891E-8130-4C72-ACF3-3E1240035A85}.Debug|x86.Build.0 = Debug|x86
		{28E4891E-8130-4C72-ACF3-3E1240035A85}.Release|Any CPU.ActiveCfg = Release|Any CPU
		{28E4891E-8130-4C72-ACF3-3E1240035A85}.Release|Any CPU.Build.0 = Release|Any CPU
		{28E4891E-8130-4C72-ACF3-3E1240035A85}.Release|x64.ActiveCfg = Release|x86
		{28E4891E-8130-4C72-ACF3-3E1240035A85}.Release|x86.ActiveCfg = Release|x86
		{28E4891E-8130-4C72-ACF3-3E1240035A85}.Release|x86.Build.0 = Release|x86
		{DFC2C411-1550-4236-B4AC-5B41EDB070E2}.Debug|Any CPU.ActiveCfg = Debug|Any CPU
		{DFC2C411-1550-4236-B4AC-5B41EDB070E2}.Debug|Any CPU.Build.0 = Debug|Any CPU
		{DFC2C411-1550-4236-B4AC-5B41EDB070E2}.Debug|x64.ActiveCfg = Debug|x86
		{DFC2C411-1550-4236-B4AC-5B41EDB070E2}.Debug|x86.ActiveCfg = Debug|x86
		{DFC2C411-1550-4236-B4AC-5B41EDB070E2}.Debug|x86.Build.0 = Debug|x86
		{DFC2C411-1550-4236-B4AC-5B41EDB070E2}.Release|Any CPU.ActiveCfg = Release|Any CPU
		{DFC2C411-1550-4236-B4AC-5B41EDB070E2}.Release|Any CPU.Build.0 = Release|Any CPU
		{DFC2C411-1550-4236-B4AC-5B41EDB070E2}.Release|x64.ActiveCfg = Release|x86
		{DFC2C411-1550-4236-B4AC-5B41EDB070E2}.Release|x86.ActiveCfg = Release|x86
		{DFC2C411-1550-4236-B4AC-5B41EDB070E2}.Release|x86.Build.0 = Release|x86
	EndGlobalSection
	GlobalSection(SolutionProperties) = preSolution
		HideSolutionNode = FALSE
	EndGlobalSection
	GlobalSection(NestedProjects) = preSolution
		{B0BB1120-DD3A-4290-8503-34D71B97B810} = {5B491F99-4847-402E-B52F-350B559F7EA0}
		{2D7E356A-5FF5-4B01-8480-4A35DD9B8EBD} = {5B491F99-4847-402E-B52F-350B559F7EA0}
		{1615135A-AEC6-4D16-8860-2A8BA6412392} = {5B491F99-4847-402E-B52F-350B559F7EA0}
		{FC18D348-FFCB-4E6F-9A26-BAEBE67EDA5E} = {5B491F99-4847-402E-B52F-350B559F7EA0}
		{28E4891E-8130-4C72-ACF3-3E1240035A85} = {5B491F99-4847-402E-B52F-350B559F7EA0}
		{DFC2C411-1550-4236-B4AC-5B41EDB070E2} = {5B491F99-4847-402E-B52F-350B559F7EA0}
	EndGlobalSection
EndGlobal
